PODS:
  - CocoaAsyncSocket (7.6.1)
  - SocketRocket (0.5.1)

DEPENDENCIES:
  - CocoaAsyncSocket
  - SocketRocket

SPEC CHECKSUMS:
  CocoaAsyncSocket: 7eadd3f59e1a6c84e2aefc93e9ff7b55156fe174
  SocketRocket: d57c7159b83c3c6655745cd15302aa24b6bae531

PODFILE CHECKSUM: 155a7bf1d32d40b86e753077d8c16f05a9e6cd44

COCOAPODS: 1.2.0
