// !$*UTF8*$!
{
	archiveVersion = 1;
	classes = {
	};
	objectVersion = 46;
	objects = {

/* Begin PBXBuildFile section */
		BC003A2F1F4A812E00EC8498 /* GCDAsyncSocket.m in Sources */ = {isa = PBXBuildFile; fileRef = BC003A2B1F4A812E00EC8498 /* GCDAsyncSocket.m */; };
		BC003A301F4A812E00EC8498 /* GCDAsyncUdpSocket.m in Sources */ = {isa = PBXBuildFile; fileRef = BC003A2D1F4A812E00EC8498 /* GCDAsyncUdpSocket.m */; };
		BC3A93A81F46C59E00B26C1B /* AppDelegate.m in Sources */ = {isa = PBXBuildFile; fileRef = BC3A93A71F46C59E00B26C1B /* AppDelegate.m */; };
		BC3A93AB1F46C59E00B26C1B /* main.m in Sources */ = {isa = PBXBuildFile; fileRef = BC3A93AA1F46C59E00B26C1B /* main.m */; };
		BC3A93AE1F46C59E00B26C1B /* ViewController.m in Sources */ = {isa = PBXBuildFile; fileRef = BC3A93AD1F46C59E00B26C1B /* ViewController.m */; };
		BC3A93B01F46C59E00B26C1B /* Assets.xcassets in Resources */ = {isa = PBXBuildFile; fileRef = BC3A93AF1F46C59E00B26C1B /* Assets.xcassets */; };
		BC3A93B31F46C59E00B26C1B /* Main.storyboard in Resources */ = {isa = PBXBuildFile; fileRef = BC3A93B11F46C59E00B26C1B /* Main.storyboard */; };
		BC76810A1F4BD38800BD0F3D /* SKSocketServerManager.m in Sources */ = {isa = PBXBuildFile; fileRef = BC7681091F4BD38800BD0F3D /* SKSocketServerManager.m */; };
		BC76810D1F4BD3E000BD0F3D /* SKSocketServerConnection.m in Sources */ = {isa = PBXBuildFile; fileRef = BC76810C1F4BD3E000BD0F3D /* SKSocketServerConnection.m */; };
		BC7681141F4BFB7800BD0F3D /* SKWebSocketServerManager.m in Sources */ = {isa = PBXBuildFile; fileRef = BC7681131F4BFB7800BD0F3D /* SKWebSocketServerManager.m */; };
/* End PBXBuildFile section */

/* Begin PBXFileReference section */
		BC003A2A1F4A812E00EC8498 /* GCDAsyncSocket.h */ = {isa = PBXFileReference; fileEncoding = 4; lastKnownFileType = sourcecode.c.h; path = GCDAsyncSocket.h; sourceTree = "<group>"; };
		BC003A2B1F4A812E00EC8498 /* GCDAsyncSocket.m */ = {isa = PBXFileReference; fileEncoding = 4; lastKnownFileType = sourcecode.c.objc; path = GCDAsyncSocket.m; sourceTree = "<group>"; };
		BC003A2C1F4A812E00EC8498 /* GCDAsyncUdpSocket.h */ = {isa = PBXFileReference; fileEncoding = 4; lastKnownFileType = sourcecode.c.h; path = GCDAsyncUdpSocket.h; sourceTree = "<group>"; };
		BC003A2D1F4A812E00EC8498 /* GCDAsyncUdpSocket.m */ = {isa = PBXFileReference; fileEncoding = 4; lastKnownFileType = sourcecode.c.objc; path = GCDAsyncUdpSocket.m; sourceTree = "<group>"; };
		BC3A93A31F46C59E00B26C1B /* Server_Socket.app */ = {isa = PBXFileReference; explicitFileType = wrapper.application; includeInIndex = 0; path = Server_Socket.app; sourceTree = BUILT_PRODUCTS_DIR; };
		BC3A93A61F46C59E00B26C1B /* AppDelegate.h */ = {isa = PBXFileReference; lastKnownFileType = sourcecode.c.h; path = AppDelegate.h; sourceTree = "<group>"; };
		BC3A93A71F46C59E00B26C1B /* AppDelegate.m */ = {isa = PBXFileReference; lastKnownFileType = sourcecode.c.objc; path = AppDelegate.m; sourceTree = "<group>"; };
		BC3A93AA1F46C59E00B26C1B /* main.m */ = {isa = PBXFileReference; lastKnownFileType = sourcecode.c.objc; path = main.m; sourceTree = "<group>"; };
		BC3A93AC1F46C59E00B26C1B /* ViewController.h */ = {isa = PBXFileReference; lastKnownFileType = sourcecode.c.h; path = ViewController.h; sourceTree = "<group>"; };
		BC3A93AD1F46C59E00B26C1B /* ViewController.m */ = {isa = PBXFileReference; lastKnownFileType = sourcecode.c.objc; path = ViewController.m; sourceTree = "<group>"; };
		BC3A93AF1F46C59E00B26C1B /* Assets.xcassets */ = {isa = PBXFileReference; lastKnownFileType = folder.assetcatalog; name = Assets.xcassets; path = ../Assets.xcassets; sourceTree = "<group>"; };
		BC3A93B21F46C59E00B26C1B /* Base */ = {isa = PBXFileReference; lastKnownFileType = file.storyboard; name = Base; path = Base.lproj/Main.storyboard; sourceTree = "<group>"; };
		BC3A93B41F46C59E00B26C1B /* Info.plist */ = {isa = PBXFileReference; lastKnownFileType = text.plist.xml; name = Info.plist; path = ../Info.plist; sourceTree = "<group>"; };
		BC7681081F4BD38800BD0F3D /* SKSocketServerManager.h */ = {isa = PBXFileReference; fileEncoding = 4; lastKnownFileType = sourcecode.c.h; path = SKSocketServerManager.h; sourceTree = "<group>"; };
		BC7681091F4BD38800BD0F3D /* SKSocketServerManager.m */ = {isa = PBXFileReference; fileEncoding = 4; lastKnownFileType = sourcecode.c.objc; path = SKSocketServerManager.m; sourceTree = "<group>"; };
		BC76810B1F4BD3E000BD0F3D /* SKSocketServerConnection.h */ = {isa = PBXFileReference; fileEncoding = 4; lastKnownFileType = sourcecode.c.h; path = SKSocketServerConnection.h; sourceTree = "<group>"; };
		BC76810C1F4BD3E000BD0F3D /* SKSocketServerConnection.m */ = {isa = PBXFileReference; fileEncoding = 4; lastKnownFileType = sourcecode.c.objc; path = SKSocketServerConnection.m; sourceTree = "<group>"; };
		BC7681121F4BFB7800BD0F3D /* SKWebSocketServerManager.h */ = {isa = PBXFileReference; fileEncoding = 4; lastKnownFileType = sourcecode.c.h; path = SKWebSocketServerManager.h; sourceTree = "<group>"; };
		BC7681131F4BFB7800BD0F3D /* SKWebSocketServerManager.m */ = {isa = PBXFileReference; fileEncoding = 4; lastKnownFileType = sourcecode.c.objc; path = SKWebSocketServerManager.m; sourceTree = "<group>"; };
/* End PBXFileReference section */

/* Begin PBXFrameworksBuildPhase section */
		BC3A93A01F46C59E00B26C1B /* Frameworks */ = {
			isa = PBXFrameworksBuildPhase;
			buildActionMask = 2147483647;
			files = (
			);
			runOnlyForDeploymentPostprocessing = 0;
		};
/* End PBXFrameworksBuildPhase section */

/* Begin PBXGroup section */
		BC003A281F4A812E00EC8498 /* GCD */ = {
			isa = PBXGroup;
			children = (
				BC003A2A1F4A812E00EC8498 /* GCDAsyncSocket.h */,
				BC003A2B1F4A812E00EC8498 /* GCDAsyncSocket.m */,
				BC003A2C1F4A812E00EC8498 /* GCDAsyncUdpSocket.h */,
				BC003A2D1F4A812E00EC8498 /* GCDAsyncUdpSocket.m */,
			);
			path = GCD;
			sourceTree = "<group>";
		};
		BC3A939A1F46C59D00B26C1B = {
			isa = PBXGroup;
			children = (
				BC3A93A51F46C59E00B26C1B /* Server_Socket */,
				BC3A93A41F46C59E00B26C1B /* Products */,
			);
			sourceTree = "<group>";
		};
		BC3A93A41F46C59E00B26C1B /* Products */ = {
			isa = PBXGroup;
			children = (
				BC3A93A31F46C59E00B26C1B /* Server_Socket.app */,
			);
			name = Products;
			sourceTree = "<group>";
		};
		BC3A93A51F46C59E00B26C1B /* Server_Socket */ = {
			isa = PBXGroup;
			children = (
				BC3A93A61F46C59E00B26C1B /* AppDelegate.h */,
				BC3A93A71F46C59E00B26C1B /* AppDelegate.m */,
				BC3A93AC1F46C59E00B26C1B /* ViewController.h */,
				BC3A93AD1F46C59E00B26C1B /* ViewController.m */,
				BC76810E1F4BD52200BD0F3D /* SKWebSocketServer */,
				BC7681071F4BD36500BD0F3D /* SKSocketServer */,
				BC003A281F4A812E00EC8498 /* GCD */,
				BC3A93BB1F46C6EC00B26C1B /* Other */,
				BC3A93A91F46C59E00B26C1B /* Supporting Files */,
			);
			path = Server_Socket;
			sourceTree = "<group>";
		};
		BC3A93A91F46C59E00B26C1B /* Supporting Files */ = {
			isa = PBXGroup;
			children = (
				BC3A93AA1F46C59E00B26C1B /* main.m */,
			);
			name = "Supporting Files";
			sourceTree = "<group>";
		};
		BC3A93BB1F46C6EC00B26C1B /* Other */ = {
			isa = PBXGroup;
			children = (
				BC3A93AF1F46C59E00B26C1B /* Assets.xcassets */,
				BC3A93B11F46C59E00B26C1B /* Main.storyboard */,
				BC3A93B41F46C59E00B26C1B /* Info.plist */,
			);
			path = Other;
			sourceTree = "<group>";
		};
		BC7681071F4BD36500BD0F3D /* SKSocketServer */ = {
			isa = PBXGroup;
			children = (
				BC7681081F4BD38800BD0F3D /* SKSocketServerManager.h */,
				BC7681091F4BD38800BD0F3D /* SKSocketServerManager.m */,
				BC76810B1F4BD3E000BD0F3D /* SKSocketServerConnection.h */,
				BC76810C1F4BD3E000BD0F3D /* SKSocketServerConnection.m */,
			);
			path = SKSocketServer;
			sourceTree = "<group>";
		};
		BC76810E1F4BD52200BD0F3D /* SKWebSocketServer */ = {
			isa = PBXGroup;
			children = (
				BC7681121F4BFB7800BD0F3D /* SKWebSocketServerManager.h */,
				BC7681131F4BFB7800BD0F3D /* SKWebSocketServerManager.m */,
			);
			path = SKWebSocketServer;
			sourceTree = "<group>";
		};
/* End PBXGroup section */

/* Begin PBXNativeTarget section */
		BC3A93A21F46C59E00B26C1B /* Server_Socket */ = {
			isa = PBXNativeTarget;
			buildConfigurationList = BC3A93B71F46C59E00B26C1B /* Build configuration list for PBXNativeTarget "Server_Socket" */;
			buildPhases = (
				BC3A939F1F46C59E00B26C1B /* Sources */,
				BC3A93A01F46C59E00B26C1B /* Frameworks */,
				BC3A93A11F46C59E00B26C1B /* Resources */,
			);
			buildRules = (
			);
			dependencies = (
			);
			name = Server_Socket;
			productName = Server_Socket;
			productReference = BC3A93A31F46C59E00B26C1B /* Server_Socket.app */;
			productType = "com.apple.product-type.application";
		};
/* End PBXNativeTarget section */

/* Begin PBXProject section */
		BC3A939B1F46C59D00B26C1B /* Project object */ = {
			isa = PBXProject;
			attributes = {
				LastUpgradeCheck = 0830;
				ORGANIZATIONNAME = lemon;
				TargetAttributes = {
					BC3A93A21F46C59E00B26C1B = {
						CreatedOnToolsVersion = 8.3.3;
						ProvisioningStyle = Automatic;
					};
				};
			};
			buildConfigurationList = BC3A939E1F46C59D00B26C1B /* Build configuration list for PBXProject "Server_Socket" */;
			compatibilityVersion = "Xcode 3.2";
			developmentRegion = English;
			hasScannedForEncodings = 0;
			knownRegions = (
				en,
				Base,
			);
			mainGroup = BC3A939A1F46C59D00B26C1B;
			productRefGroup = BC3A93A41F46C59E00B26C1B /* Products */;
			projectDirPath = "";
			projectRoot = "";
			targets = (
				BC3A93A21F46C59E00B26C1B /* Server_Socket */,
			);
		};
/* End PBXProject section */

/* Begin PBXResourcesBuildPhase section */
		BC3A93A11F46C59E00B26C1B /* Resources */ = {
			isa = PBXResourcesBuildPhase;
			buildActionMask = 2147483647;
			files = (
				BC3A93B01F46C59E00B26C1B /* Assets.xcassets in Resources */,
				BC3A93B31F46C59E00B26C1B /* Main.storyboard in Resources */,
			);
			runOnlyForDeploymentPostprocessing = 0;
		};
/* End PBXResourcesBuildPhase section */

/* Begin PBXSourcesBuildPhase section */
		BC3A939F1F46C59E00B26C1B /* Sources */ = {
			isa = PBXSourcesBuildPhase;
			buildActionMask = 2147483647;
			files = (
				BC003A2F1F4A812E00EC8498 /* GCDAsyncSocket.m in Sources */,
				BC76810D1F4BD3E000BD0F3D /* SKSocketServerConnection.m in Sources */,
				BC003A301F4A812E00EC8498 /* GCDAsyncUdpSocket.m in Sources */,
				BC7681141F4BFB7800BD0F3D /* SKWebSocketServerManager.m in Sources */,
				BC76810A1F4BD38800BD0F3D /* SKSocketServerManager.m in Sources */,
				BC3A93AE1F46C59E00B26C1B /* ViewController.m in Sources */,
				BC3A93AB1F46C59E00B26C1B /* main.m in Sources */,
				BC3A93A81F46C59E00B26C1B /* AppDelegate.m in Sources */,
			);
			runOnlyForDeploymentPostprocessing = 0;
		};
/* End PBXSourcesBuildPhase section */

/* Begin PBXVariantGroup section */
		BC3A93B11F46C59E00B26C1B /* Main.storyboard */ = {
			isa = PBXVariantGroup;
			children = (
				BC3A93B21F46C59E00B26C1B /* Base */,
			);
			name = Main.storyboard;
			path = ..;
			sourceTree = "<group>";
		};
/* End PBXVariantGroup section */

/* Begin XCBuildConfiguration section */
		BC3A93B51F46C59E00B26C1B /* Debug */ = {
			isa = XCBuildConfiguration;
			buildSettings = {
				ALWAYS_SEARCH_USER_PATHS = NO;
				CLANG_ANALYZER_NONNULL = YES;
				CLANG_ANALYZER_NUMBER_OBJECT_CONVERSION = YES_AGGRESSIVE;
				CLANG_CXX_LANGUAGE_STANDARD = "gnu++0x";
				CLANG_CXX_LIBRARY = "libc++";
				CLANG_ENABLE_MODULES = YES;
				CLANG_ENABLE_OBJC_ARC = YES;
				CLANG_WARN_BOOL_CONVERSION = YES;
				CLANG_WARN_CONSTANT_CONVERSION = YES;
				CLANG_WARN_DIRECT_OBJC_ISA_USAGE = YES_ERROR;
				CLANG_WARN_DOCUMENTATION_COMMENTS = YES;
				CLANG_WARN_EMPTY_BODY = YES;
				CLANG_WARN_ENUM_CONVERSION = YES;
				CLANG_WARN_INFINITE_RECURSION = YES;
				CLANG_WARN_INT_CONVERSION = YES;
				CLANG_WARN_OBJC_ROOT_CLASS = YES_ERROR;
				CLANG_WARN_SUSPICIOUS_MOVE = YES;
				CLANG_WARN_UNREACHABLE_CODE = YES;
				CLANG_WARN__DUPLICATE_METHOD_MATCH = YES;
				CODE_SIGN_IDENTITY = "-";
				COPY_PHASE_STRIP = NO;
				DEBUG_INFORMATION_FORMAT = dwarf;
				ENABLE_STRICT_OBJC_MSGSEND = YES;
				ENABLE_TESTABILITY = YES;
				GCC_C_LANGUAGE_STANDARD = gnu99;
				GCC_DYNAMIC_NO_PIC = NO;
				GCC_NO_COMMON_BLOCKS = YES;
				GCC_OPTIMIZATION_LEVEL = 0;
				GCC_PREPROCESSOR_DEFINITIONS = (
					"DEBUG=1",
					"$(inherited)",
				);
				GCC_WARN_64_TO_32_BIT_CONVERSION = YES;
				GCC_WARN_ABOUT_RETURN_TYPE = YES_ERROR;
				GCC_WARN_UNDECLARED_SELECTOR = YES;
				GCC_WARN_UNINITIALIZED_AUTOS = YES_AGGRESSIVE;
				GCC_WARN_UNUSED_FUNCTION = YES;
				GCC_WARN_UNUSED_VARIABLE = YES;
				MACOSX_DEPLOYMENT_TARGET = 10.12;
				MTL_ENABLE_DEBUG_INFO = YES;
				ONLY_ACTIVE_ARCH = YES;
				SDKROOT = macosx;
			};
			name = Debug;
		};
		BC3A93B61F46C59E00B26C1B /* Release */ = {
			isa = XCBuildConfiguration;
			buildSettings = {
				ALWAYS_SEARCH_USER_PATHS = NO;
				CLANG_ANALYZER_NONNULL = YES;
				CLANG_ANALYZER_NUMBER_OBJECT_CONVERSION = YES_AGGRESSIVE;
				CLANG_CXX_LANGUAGE_STANDARD = "gnu++0x";
				CLANG_CXX_LIBRARY = "libc++";
				CLANG_ENABLE_MODULES = YES;
				CLANG_ENABLE_OBJC_ARC = YES;
				CLANG_WARN_BOOL_CONVERSION = YES;
				CLANG_WARN_CONSTANT_CONVERSION = YES;
				CLANG_WARN_DIRECT_OBJC_ISA_USAGE = YES_ERROR;
				CLANG_WARN_DOCUMENTATION_COMMENTS = YES;
				CLANG_WARN_EMPTY_BODY = YES;
				CLANG_WARN_ENUM_CONVERSION = YES;
				CLANG_WARN_INFINITE_RECURSION = YES;
				CLANG_WARN_INT_CONVERSION = YES;
				CLANG_WARN_OBJC_ROOT_CLASS = YES_ERROR;
				CLANG_WARN_SUSPICIOUS_MOVE = YES;
				CLANG_WARN_UNREACHABLE_CODE = YES;
				CLANG_WARN__DUPLICATE_METHOD_MATCH = YES;
				CODE_SIGN_IDENTITY = "-";
				COPY_PHASE_STRIP = NO;
				DEBUG_INFORMATION_FORMAT = "dwarf-with-dsym";
				ENABLE_NS_ASSERTIONS = NO;
				ENABLE_STRICT_OBJC_MSGSEND = YES;
				GCC_C_LANGUAGE_STANDARD = gnu99;
				GCC_NO_COMMON_BLOCKS = YES;
				GCC_WARN_64_TO_32_BIT_CONVERSION = YES;
				GCC_WARN_ABOUT_RETURN_TYPE = YES_ERROR;
				GCC_WARN_UNDECLARED_SELECTOR = YES;
				GCC_WARN_UNINITIALIZED_AUTOS = YES_AGGRESSIVE;
				GCC_WARN_UNUSED_FUNCTION = YES;
				GCC_WARN_UNUSED_VARIABLE = YES;
				MACOSX_DEPLOYMENT_TARGET = 10.12;
				MTL_ENABLE_DEBUG_INFO = NO;
				SDKROOT = macosx;
			};
			name = Release;
		};
		BC3A93B81F46C59E00B26C1B /* Debug */ = {
			isa = XCBuildConfiguration;
			buildSettings = {
				ASSETCATALOG_COMPILER_APPICON_NAME = AppIcon;
				COMBINE_HIDPI_IMAGES = YES;
				INFOPLIST_FILE = Server_Socket/Info.plist;
				LD_RUNPATH_SEARCH_PATHS = "$(inherited) @executable_path/../Frameworks";
				PRODUCT_BUNDLE_IDENTIFIER = "lemon.Server-Socket";
				PRODUCT_NAME = "$(TARGET_NAME)";
			};
			name = Debug;
		};
		BC3A93B91F46C59E00B26C1B /* Release */ = {
			isa = XCBuildConfiguration;
			buildSettings = {
				ASSETCATALOG_COMPILER_APPICON_NAME = AppIcon;
				COMBINE_HIDPI_IMAGES = YES;
				INFOPLIST_FILE = Server_Socket/Info.plist;
				LD_RUNPATH_SEARCH_PATHS = "$(inherited) @executable_path/../Frameworks";
				PRODUCT_BUNDLE_IDENTIFIER = "lemon.Server-Socket";
				PRODUCT_NAME = "$(TARGET_NAME)";
			};
			name = Release;
		};
/* End XCBuildConfiguration section */

/* Begin XCConfigurationList section */
		BC3A939E1F46C59D00B26C1B /* Build configuration list for PBXProject "Server_Socket" */ = {
			isa = XCConfigurationList;
			buildConfigurations = (
				BC3A93B51F46C59E00B26C1B /* Debug */,
				BC3A93B61F46C59E00B26C1B /* Release */,
			);
			defaultConfigurationIsVisible = 0;
			defaultConfigurationName = Release;
		};
		BC3A93B71F46C59E00B26C1B /* Build configuration list for PBXNativeTarget "Server_Socket" */ = {
			isa = XCConfigurationList;
			buildConfigurations = (
				BC3A93B81F46C59E00B26C1B /* Debug */,
				BC3A93B91F46C59E00B26C1B /* Release */,
			);
			defaultConfigurationIsVisible = 0;
			defaultConfigurationName = Release;
		};
/* End XCConfigurationList section */
	};
	rootObject = BC3A939B1F46C59D00B26C1B /* Project object */;
}
